
Microsoft Visual Studio Solution File, Format Version 12.00
# Visual Studio Version 17
VisualStudioVersion = 17.4.32916.344
MinimumVisualStudioVersion = 10.0.40219.1
Project("{FAE04EC0-301F-11D3-BF4B-00C04F79EFBC}") = "AndroidXNavigationDrawer", "AndroidXNavigationDrawer.csproj", "{3608C831-C876-4AAA-9BF0-D80936A1B59E}"
EndProject
Global
	GlobalSection(SolutionConfigurationPlatforms) = preSolution
		Debug|Any CPU = Debug|Any CPU
		Release|Any CPU = Release|Any CPU
	EndGlobalSection
	GlobalSection(ProjectConfigurationPlatforms) = postSolution
		{3608C831-C876-4AAA-9BF0-D80936A1B59E}.Debug|Any CPU.ActiveCfg = Debug|Any CPU
		{3608C831-C876-4AAA-9BF0-D80936A1B59E}.Debug|Any CPU.Build.0 = Debug|Any CPU
		{3608C831-C876-4AAA-9BF0-D80936A1B59E}.Debug|Any CPU.Deploy.0 = Debug|Any CPU
		{3608C831-C876-4AAA-9BF0-D80936A1B59E}.Release|Any CPU.ActiveCfg = Release|Any CPU
		{3608C831-C876-4AAA-9BF0-D80936A1B59E}.Release|Any CPU.Build.0 = Release|Any CPU
		{3608C831-C876-4AAA-9BF0-D80936A1B59E}.Release|Any CPU.Deploy.0 = Release|Any CPU
	EndGlobalSection
	GlobalSection(SolutionProperties) = preSolution
		HideSolutionNode = FALSE
	EndGlobalSection
	GlobalSection(ExtensibilityGlobals) = postSolution
		SolutionGuid = {15EB290E-EA1A-40FB-8D9D-3A559ED8A124}
	EndGlobalSection
EndGlobal
